{
  "name": "assets-content-hash-plugin",
  "version": "1.1.2",
  "lockfileVersion": 2,
  "requires": true,
  "packages": {
    "": {
      "name": "assets-content-hash-plugin",
      "version": "1.1.2",
      "license": "None",
      "dependencies": {
        "loader-utils": "^3.2.0"
      }
    },
    "node_modules/loader-utils": {
      "version": "3.2.0",
      "resolved": "https://registry.npmjs.org/loader-utils/-/loader-utils-3.2.0.tgz",
      "integrity": "sha512-HVl9ZqccQihZ7JM85dco1MvO9G+ONvxoGa9rkhzFsneGLKSUg1gJf9bWzhRhcvm2qChhWpebQhP44qxjKIUCaQ==",
      "engines": {
        "node": ">= 12.13.0"
      }
    }
  },
  "dependencies": {
    "loader-utils": {
      "version": "3.2.0",
      "resolved": "https://registry.npmjs.org/loader-utils/-/loader-utils-3.2.0.tgz",
      "integrity": "sha512-HVl9ZqccQihZ7JM85dco1MvO9G+ONvxoGa9rkhzFsneGLKSUg1gJf9bWzhRhcvm2qChhWpebQhP44qxjKIUCaQ=="
    }
  }
}
